{
  "name": "DSNode",
  "lockfileVersion": 3,
  "requires": true,
  "packages": {
    "": {
      "devDependencies": {
        "@types/node": "^20.4.4",
        "prettier": "^3.0.0"
      }
    },
    "node_modules/@types/node": {
      "version": "20.4.4",
      "resolved": "https://registry.npmjs.org/@types/node/-/node-20.4.4.tgz",
      "integrity": "sha512-CukZhumInROvLq3+b5gLev+vgpsIqC2D0deQr/yS1WnxvmYLlJXZpaQrQiseMY+6xusl79E04UjWoqyr+t1/Ew==",
      "dev": true
    },
    "node_modules/prettier": {
      "version": "3.0.0",
      "resolved": "https://registry.npmjs.org/prettier/-/prettier-3.0.0.tgz",
      "integrity": "sha512-zBf5eHpwHOGPC47h0zrPyNn+eAEIdEzfywMoYn2XPi0P44Zp0tSq64rq0xAREh4auw2cJZHo9QUob+NqCQky4g==",
      "dev": true,
      "bin": {
        "prettier": "bin/prettier.cjs"
      },
      "engines": {
        "node": ">=14"
      },
      "funding": {
        "url": "https://github.com/prettier/prettier?sponsor=1"
      }
    }
  }
}
